
Microsoft Visual Studio Solution File, Format Version 12.00
# Visual Studio Version 17
VisualStudioVersion = 17.10.34607.79
MinimumVisualStudioVersion = 10.0.40219.1
Project("{FAE04EC0-301F-11D3-BF4B-00C04F79EFBC}") = "CLaseantesdelparcial", "CLaseantesdelparcial.csproj", "{9816EC85-1A16-4D39-96F7-7F2D37FF3196}"
EndProject
Global
	GlobalSection(SolutionConfigurationPlatforms) = preSolution
		Debug|Any CPU = Debug|Any CPU
		Release|Any CPU = Release|Any CPU
	EndGlobalSection
	GlobalSection(ProjectConfigurationPlatforms) = postSolution
		{9816EC85-1A16-4D39-96F7-7F2D37FF3196}.Debug|Any CPU.ActiveCfg = Debug|Any CPU
		{9816EC85-1A16-4D39-96F7-7F2D37FF3196}.Debug|Any CPU.Build.0 = Debug|Any CPU
		{9816EC85-1A16-4D39-96F7-7F2D37FF3196}.Release|Any CPU.ActiveCfg = Release|Any CPU
		{9816EC85-1A16-4D39-96F7-7F2D37FF3196}.Release|Any CPU.Build.0 = Release|Any CPU
	EndGlobalSection
	GlobalSection(SolutionProperties) = preSolution
		HideSolutionNode = FALSE
	EndGlobalSection
	GlobalSection(ExtensibilityGlobals) = postSolution
		SolutionGuid = {097335D1-C6A0-49D4-9A10-CF98D56982AC}
	EndGlobalSection
EndGlobal
