
Microsoft Visual Studio Solution File, Format Version 12.00
# Visual Studio Version 17
VisualStudioVersion = 17.10.34607.79
MinimumVisualStudioVersion = 10.0.40219.1
Project("{FAE04EC0-301F-11D3-BF4B-00C04F79EFBC}") = "Semana6", "Semana6.csproj", "{97C2C92F-7E04-4084-8540-6658C463262C}"
EndProject
Global
	GlobalSection(SolutionConfigurationPlatforms) = preSolution
		Debug|Any CPU = Debug|Any CPU
		Release|Any CPU = Release|Any CPU
	EndGlobalSection
	GlobalSection(ProjectConfigurationPlatforms) = postSolution
		{97C2C92F-7E04-4084-8540-6658C463262C}.Debug|Any CPU.ActiveCfg = Debug|Any CPU
		{97C2C92F-7E04-4084-8540-6658C463262C}.Debug|Any CPU.Build.0 = Debug|Any CPU
		{97C2C92F-7E04-4084-8540-6658C463262C}.Release|Any CPU.ActiveCfg = Release|Any CPU
		{97C2C92F-7E04-4084-8540-6658C463262C}.Release|Any CPU.Build.0 = Release|Any CPU
	EndGlobalSection
	GlobalSection(SolutionProperties) = preSolution
		HideSolutionNode = FALSE
	EndGlobalSection
	GlobalSection(ExtensibilityGlobals) = postSolution
		SolutionGuid = {8F383595-3554-4221-A22B-0FDD882477FD}
	EndGlobalSection
EndGlobal
