
Microsoft Visual Studio Solution File, Format Version 12.00
# Visual Studio Version 17
VisualStudioVersion = 17.10.34607.79
MinimumVisualStudioVersion = 10.0.40219.1
Project("{FAE04EC0-301F-11D3-BF4B-00C04F79EFBC}") = "Auto", "Auto.csproj", "{10A343DC-3F4C-40EE-ABBD-CB48FD2DB690}"
EndProject
Global
	GlobalSection(SolutionConfigurationPlatforms) = preSolution
		Debug|Any CPU = Debug|Any CPU
		Release|Any CPU = Release|Any CPU
	EndGlobalSection
	GlobalSection(ProjectConfigurationPlatforms) = postSolution
		{10A343DC-3F4C-40EE-ABBD-CB48FD2DB690}.Debug|Any CPU.ActiveCfg = Debug|Any CPU
		{10A343DC-3F4C-40EE-ABBD-CB48FD2DB690}.Debug|Any CPU.Build.0 = Debug|Any CPU
		{10A343DC-3F4C-40EE-ABBD-CB48FD2DB690}.Release|Any CPU.ActiveCfg = Release|Any CPU
		{10A343DC-3F4C-40EE-ABBD-CB48FD2DB690}.Release|Any CPU.Build.0 = Release|Any CPU
	EndGlobalSection
	GlobalSection(SolutionProperties) = preSolution
		HideSolutionNode = FALSE
	EndGlobalSection
	GlobalSection(ExtensibilityGlobals) = postSolution
		SolutionGuid = {B9241F8E-FB8E-4FD5-AB75-B644F1B91654}
	EndGlobalSection
EndGlobal
