
Microsoft Visual Studio Solution File, Format Version 12.00
# Visual Studio Version 17
VisualStudioVersion = 17.10.34607.79
MinimumVisualStudioVersion = 10.0.40219.1
Project("{FAE04EC0-301F-11D3-BF4B-00C04F79EFBC}") = "Calculador", "Calculador.csproj", "{1BB8DF64-A1E7-47D5-A658-CF822B0BB23B}"
EndProject
Global
	GlobalSection(SolutionConfigurationPlatforms) = preSolution
		Debug|Any CPU = Debug|Any CPU
		Release|Any CPU = Release|Any CPU
	EndGlobalSection
	GlobalSection(ProjectConfigurationPlatforms) = postSolution
		{1BB8DF64-A1E7-47D5-A658-CF822B0BB23B}.Debug|Any CPU.ActiveCfg = Debug|Any CPU
		{1BB8DF64-A1E7-47D5-A658-CF822B0BB23B}.Debug|Any CPU.Build.0 = Debug|Any CPU
		{1BB8DF64-A1E7-47D5-A658-CF822B0BB23B}.Release|Any CPU.ActiveCfg = Release|Any CPU
		{1BB8DF64-A1E7-47D5-A658-CF822B0BB23B}.Release|Any CPU.Build.0 = Release|Any CPU
	EndGlobalSection
	GlobalSection(SolutionProperties) = preSolution
		HideSolutionNode = FALSE
	EndGlobalSection
	GlobalSection(ExtensibilityGlobals) = postSolution
		SolutionGuid = {204E53B9-E47C-465B-860E-B7C063ED0699}
	EndGlobalSection
EndGlobal
